// !$*UTF8*$!
{
	archiveVersion = 1;
	classes = {
	};
	objectVersion = 50;
	objects = {

/* Begin PBXBuildFile section */
		3A4B42C223D4FFF300C9B2A2 /* MemeCollectionViewCell.swift in Sources */ = {isa = PBXBuildFile; fileRef = 3A4B42C123D4FFF300C9B2A2 /* MemeCollectionViewCell.swift */; };
		3A4B42C423D5183700C9B2A2 /* MemeTableViewCell.swift in Sources */ = {isa = PBXBuildFile; fileRef = 3A4B42C323D5183700C9B2A2 /* MemeTableViewCell.swift */; };
		3A4B42C623D53A4B00C9B2A2 /* MemeDetailViewController.swift in Sources */ = {isa = PBXBuildFile; fileRef = 3A4B42C523D53A4B00C9B2A2 /* MemeDetailViewController.swift */; };
		3ABA90D123D4D19B00A3E639 /* MemeCollectionViewController.swift in Sources */ = {isa = PBXBuildFile; fileRef = 3ABA90D023D4D19B00A3E639 /* MemeCollectionViewController.swift */; };
		3ABA90D323D4E72E00A3E639 /* MemeTableViewController.swift in Sources */ = {isa = PBXBuildFile; fileRef = 3ABA90D223D4E72E00A3E639 /* MemeTableViewController.swift */; };
		3AEB5A6C23B91451000A7B76 /* AppDelegate.swift in Sources */ = {isa = PBXBuildFile; fileRef = 3AEB5A6B23B91451000A7B76 /* AppDelegate.swift */; };
		3AEB5A6E23B91451000A7B76 /* SceneDelegate.swift in Sources */ = {isa = PBXBuildFile; fileRef = 3AEB5A6D23B91451000A7B76 /* SceneDelegate.swift */; };
		3AEB5A7023B91451000A7B76 /* MemeEditorViewController.swift in Sources */ = {isa = PBXBuildFile; fileRef = 3AEB5A6F23B91451000A7B76 /* MemeEditorViewController.swift */; };
		3AEB5A7323B91451000A7B76 /* Main.storyboard in Resources */ = {isa = PBXBuildFile; fileRef = 3AEB5A7123B91451000A7B76 /* Main.storyboard */; };
		3AEB5A7523B91453000A7B76 /* Assets.xcassets in Resources */ = {isa = PBXBuildFile; fileRef = 3AEB5A7423B91453000A7B76 /* Assets.xcassets */; };
		3AEB5A7823B91453000A7B76 /* LaunchScreen.storyboard in Resources */ = {isa = PBXBuildFile; fileRef = 3AEB5A7623B91453000A7B76 /* LaunchScreen.storyboard */; };
		3AEB5A8123B91998000A7B76 /* MemeTextDelegate.swift in Sources */ = {isa = PBXBuildFile; fileRef = 3AEB5A8023B91998000A7B76 /* MemeTextDelegate.swift */; };
		3AF9527123B95E0F004A0086 /* Meme.swift in Sources */ = {isa = PBXBuildFile; fileRef = 3AF9527023B95E0F004A0086 /* Meme.swift */; };
		3AF9529323B996AE004A0086 /* Extension+ViewController.swift in Sources */ = {isa = PBXBuildFile; fileRef = 3AF9529223B996AE004A0086 /* Extension+ViewController.swift */; };
/* End PBXBuildFile section */

/* Begin PBXFileReference section */
		3A4B42C123D4FFF300C9B2A2 /* MemeCollectionViewCell.swift */ = {isa = PBXFileReference; lastKnownFileType = sourcecode.swift; path = MemeCollectionViewCell.swift; sourceTree = "<group>"; };
		3A4B42C323D5183700C9B2A2 /* MemeTableViewCell.swift */ = {isa = PBXFileReference; lastKnownFileType = sourcecode.swift; path = MemeTableViewCell.swift; sourceTree = "<group>"; };
		3A4B42C523D53A4B00C9B2A2 /* MemeDetailViewController.swift */ = {isa = PBXFileReference; lastKnownFileType = sourcecode.swift; path = MemeDetailViewController.swift; sourceTree = "<group>"; };
		3ABA90D023D4D19B00A3E639 /* MemeCollectionViewController.swift */ = {isa = PBXFileReference; lastKnownFileType = sourcecode.swift; path = MemeCollectionViewController.swift; sourceTree = "<group>"; };
		3ABA90D223D4E72E00A3E639 /* MemeTableViewController.swift */ = {isa = PBXFileReference; lastKnownFileType = sourcecode.swift; path = MemeTableViewController.swift; sourceTree = "<group>"; };
		3AEB5A6823B91451000A7B76 /* MemeMe.app */ = {isa = PBXFileReference; explicitFileType = wrapper.application; includeInIndex = 0; path = MemeMe.app; sourceTree = BUILT_PRODUCTS_DIR; };
		3AEB5A6B23B91451000A7B76 /* AppDelegate.swift */ = {isa = PBXFileReference; lastKnownFileType = sourcecode.swift; path = AppDelegate.swift; sourceTree = "<group>"; };
		3AEB5A6D23B91451000A7B76 /* SceneDelegate.swift */ = {isa = PBXFileReference; lastKnownFileType = sourcecode.swift; path = SceneDelegate.swift; sourceTree = "<group>"; };
		3AEB5A6F23B91451000A7B76 /* MemeEditorViewController.swift */ = {isa = PBXFileReference; lastKnownFileType = sourcecode.swift; path = MemeEditorViewController.swift; sourceTree = "<group>"; };
		3AEB5A7223B91451000A7B76 /* Base */ = {isa = PBXFileReference; lastKnownFileType = file.storyboard; name = Base; path = Base.lproj/Main.storyboard; sourceTree = "<group>"; };
		3AEB5A7423B91453000A7B76 /* Assets.xcassets */ = {isa = PBXFileReference; lastKnownFileType = folder.assetcatalog; path = Assets.xcassets; sourceTree = "<group>"; };
		3AEB5A7723B91453000A7B76 /* Base */ = {isa = PBXFileReference; lastKnownFileType = file.storyboard; name = Base; path = Base.lproj/LaunchScreen.storyboard; sourceTree = "<group>"; };
		3AEB5A7923B91453000A7B76 /* Info.plist */ = {isa = PBXFileReference; lastKnownFileType = text.plist.xml; path = Info.plist; sourceTree = "<group>"; };
		3AEB5A8023B91998000A7B76 /* MemeTextDelegate.swift */ = {isa = PBXFileReference; fileEncoding = 4; lastKnownFileType = sourcecode.swift; path = MemeTextDelegate.swift; sourceTree = "<group>"; };
		3AF9527023B95E0F004A0086 /* Meme.swift */ = {isa = PBXFileReference; lastKnownFileType = sourcecode.swift; path = Meme.swift; sourceTree = "<group>"; };
		3AF9529223B996AE004A0086 /* Extension+ViewController.swift */ = {isa = PBXFileReference; lastKnownFileType = sourcecode.swift; path = "Extension+ViewController.swift"; sourceTree = "<group>"; };
/* End PBXFileReference section */

/* Begin PBXFrameworksBuildPhase section */
		3AEB5A6523B91451000A7B76 /* Frameworks */ = {
			isa = PBXFrameworksBuildPhase;
			buildActionMask = 2147483647;
			files = (
			);
			runOnlyForDeploymentPostprocessing = 0;
		};
/* End PBXFrameworksBuildPhase section */

/* Begin PBXGroup section */
		3AEB5A5F23B91451000A7B76 = {
			isa = PBXGroup;
			children = (
				3AEB5A6A23B91451000A7B76 /* MemeMe */,
				3AEB5A6923B91451000A7B76 /* Products */,
			);
			sourceTree = "<group>";
		};
		3AEB5A6923B91451000A7B76 /* Products */ = {
			isa = PBXGroup;
			children = (
				3AEB5A6823B91451000A7B76 /* MemeMe.app */,
			);
			name = Products;
			sourceTree = "<group>";
		};
		3AEB5A6A23B91451000A7B76 /* MemeMe */ = {
			isa = PBXGroup;
			children = (
				3AF1A12223D68621004E4CD4 /* view */,
				3AF1A12123D685F9004E4CD4 /* controller */,
				3AF9526F23B95DF7004A0086 /* model */,
				3AEB5A7423B91453000A7B76 /* Assets.xcassets */,
				3AEB5A7923B91453000A7B76 /* Info.plist */,
			);
			path = MemeMe;
			sourceTree = "<group>";
		};
		3AEB5A7F23B9196F000A7B76 /* delegates */ = {
			isa = PBXGroup;
			children = (
				3AEB5A8023B91998000A7B76 /* MemeTextDelegate.swift */,
				3AEB5A6B23B91451000A7B76 /* AppDelegate.swift */,
				3AEB5A6D23B91451000A7B76 /* SceneDelegate.swift */,
			);
			path = delegates;
			sourceTree = "<group>";
		};
		3AF1A12123D685F9004E4CD4 /* controller */ = {
			isa = PBXGroup;
			children = (
				3AEB5A6F23B91451000A7B76 /* MemeEditorViewController.swift */,
				3AF9529223B996AE004A0086 /* Extension+ViewController.swift */,
				3ABA90D023D4D19B00A3E639 /* MemeCollectionViewController.swift */,
				3ABA90D223D4E72E00A3E639 /* MemeTableViewController.swift */,
				3A4B42C523D53A4B00C9B2A2 /* MemeDetailViewController.swift */,
			);
			path = controller;
			sourceTree = "<group>";
		};
		3AF1A12223D68621004E4CD4 /* view */ = {
			isa = PBXGroup;
			children = (
				3AEB5A7F23B9196F000A7B76 /* delegates */,
				3A4B42C123D4FFF300C9B2A2 /* MemeCollectionViewCell.swift */,
				3A4B42C323D5183700C9B2A2 /* MemeTableViewCell.swift */,
				3AEB5A7123B91451000A7B76 /* Main.storyboard */,
				3AEB5A7623B91453000A7B76 /* LaunchScreen.storyboard */,
			);
			path = view;
			sourceTree = "<group>";
		};
		3AF9526F23B95DF7004A0086 /* model */ = {
			isa = PBXGroup;
			children = (
				3AF9527023B95E0F004A0086 /* Meme.swift */,
			);
			path = model;
			sourceTree = "<group>";
		};
/* End PBXGroup section */

/* Begin PBXNativeTarget section */
		3AEB5A6723B91451000A7B76 /* MemeMe */ = {
			isa = PBXNativeTarget;
			buildConfigurationList = 3AEB5A7C23B91453000A7B76 /* Build configuration list for PBXNativeTarget "MemeMe" */;
			buildPhases = (
				3AEB5A6423B91451000A7B76 /* Sources */,
				3AEB5A6523B91451000A7B76 /* Frameworks */,
				3AEB5A6623B91451000A7B76 /* Resources */,
			);
			buildRules = (
			);
			dependencies = (
			);
			name = MemeMe;
			productName = MemeMe;
			productReference = 3AEB5A6823B91451000A7B76 /* MemeMe.app */;
			productType = "com.apple.product-type.application";
		};
/* End PBXNativeTarget section */

/* Begin PBXProject section */
		3AEB5A6023B91451000A7B76 /* Project object */ = {
			isa = PBXProject;
			attributes = {
				LastSwiftUpdateCheck = 1120;
				LastUpgradeCheck = 1120;
				ORGANIZATIONNAME = Udacity;
				TargetAttributes = {
					3AEB5A6723B91451000A7B76 = {
						CreatedOnToolsVersion = 11.2.1;
					};
				};
			};
			buildConfigurationList = 3AEB5A6323B91451000A7B76 /* Build configuration list for PBXProject "MemeMe" */;
			compatibilityVersion = "Xcode 9.3";
			developmentRegion = en;
			hasScannedForEncodings = 0;
			knownRegions = (
				en,
				Base,
			);
			mainGroup = 3AEB5A5F23B91451000A7B76;
			productRefGroup = 3AEB5A6923B91451000A7B76 /* Products */;
			projectDirPath = "";
			projectRoot = "";
			targets = (
				3AEB5A6723B91451000A7B76 /* MemeMe */,
			);
		};
/* End PBXProject section */

/* Begin PBXResourcesBuildPhase section */
		3AEB5A6623B91451000A7B76 /* Resources */ = {
			isa = PBXResourcesBuildPhase;
			buildActionMask = 2147483647;
			files = (
				3AEB5A7823B91453000A7B76 /* LaunchScreen.storyboard in Resources */,
				3AEB5A7523B91453000A7B76 /* Assets.xcassets in Resources */,
				3AEB5A7323B91451000A7B76 /* Main.storyboard in Resources */,
			);
			runOnlyForDeploymentPostprocessing = 0;
		};
/* End PBXResourcesBuildPhase section */

/* Begin PBXSourcesBuildPhase section */
		3AEB5A6423B91451000A7B76 /* Sources */ = {
			isa = PBXSourcesBuildPhase;
			buildActionMask = 2147483647;
			files = (
				3AEB5A7023B91451000A7B76 /* MemeEditorViewController.swift in Sources */,
				3AEB5A8123B91998000A7B76 /* MemeTextDelegate.swift in Sources */,
				3AEB5A6C23B91451000A7B76 /* AppDelegate.swift in Sources */,
				3A4B42C223D4FFF300C9B2A2 /* MemeCollectionViewCell.swift in Sources */,
				3ABA90D323D4E72E00A3E639 /* MemeTableViewController.swift in Sources */,
				3AEB5A6E23B91451000A7B76 /* SceneDelegate.swift in Sources */,
				3ABA90D123D4D19B00A3E639 /* MemeCollectionViewController.swift in Sources */,
				3A4B42C423D5183700C9B2A2 /* MemeTableViewCell.swift in Sources */,
				3AF9529323B996AE004A0086 /* Extension+ViewController.swift in Sources */,
				3AF9527123B95E0F004A0086 /* Meme.swift in Sources */,
				3A4B42C623D53A4B00C9B2A2 /* MemeDetailViewController.swift in Sources */,
			);
			runOnlyForDeploymentPostprocessing = 0;
		};
/* End PBXSourcesBuildPhase section */

/* Begin PBXVariantGroup section */
		3AEB5A7123B91451000A7B76 /* Main.storyboard */ = {
			isa = PBXVariantGroup;
			children = (
				3AEB5A7223B91451000A7B76 /* Base */,
			);
			name = Main.storyboard;
			sourceTree = "<group>";
		};
		3AEB5A7623B91453000A7B76 /* LaunchScreen.storyboard */ = {
			isa = PBXVariantGroup;
			children = (
				3AEB5A7723B91453000A7B76 /* Base */,
			);
			name = LaunchScreen.storyboard;
			sourceTree = "<group>";
		};
/* End PBXVariantGroup section */

/* Begin XCBuildConfiguration section */
		3AEB5A7A23B91453000A7B76 /* Debug */ = {
			isa = XCBuildConfiguration;
			buildSettings = {
				ALWAYS_SEARCH_USER_PATHS = NO;
				CLANG_ANALYZER_NONNULL = YES;
				CLANG_ANALYZER_NUMBER_OBJECT_CONVERSION = YES_AGGRESSIVE;
				CLANG_CXX_LANGUAGE_STANDARD = "gnu++14";
				CLANG_CXX_LIBRARY = "libc++";
				CLANG_ENABLE_MODULES = YES;
				CLANG_ENABLE_OBJC_ARC = YES;
				CLANG_ENABLE_OBJC_WEAK = YES;
				CLANG_WARN_BLOCK_CAPTURE_AUTORELEASING = YES;
				CLANG_WARN_BOOL_CONVERSION = YES;
				CLANG_WARN_COMMA = YES;
				CLANG_WARN_CONSTANT_CONVERSION = YES;
				CLANG_WARN_DEPRECATED_OBJC_IMPLEMENTATIONS = YES;
				CLANG_WARN_DIRECT_OBJC_ISA_USAGE = YES_ERROR;
				CLANG_WARN_DOCUMENTATION_COMMENTS = YES;
				CLANG_WARN_EMPTY_BODY = YES;
				CLANG_WARN_ENUM_CONVERSION = YES;
				CLANG_WARN_INFINITE_RECURSION = YES;
				CLANG_WARN_INT_CONVERSION = YES;
				CLANG_WARN_NON_LITERAL_NULL_CONVERSION = YES;
				CLANG_WARN_OBJC_IMPLICIT_RETAIN_SELF = YES;
				CLANG_WARN_OBJC_LITERAL_CONVERSION = YES;
				CLANG_WARN_OBJC_ROOT_CLASS = YES_ERROR;
				CLANG_WARN_RANGE_LOOP_ANALYSIS = YES;
				CLANG_WARN_STRICT_PROTOTYPES = YES;
				CLANG_WARN_SUSPICIOUS_MOVE = YES;
				CLANG_WARN_UNGUARDED_AVAILABILITY = YES_AGGRESSIVE;
				CLANG_WARN_UNREACHABLE_CODE = YES;
				CLANG_WARN__DUPLICATE_METHOD_MATCH = YES;
				COPY_PHASE_STRIP = NO;
				DEBUG_INFORMATION_FORMAT = dwarf;
				ENABLE_STRICT_OBJC_MSGSEND = YES;
				ENABLE_TESTABILITY = YES;
				GCC_C_LANGUAGE_STANDARD = gnu11;
				GCC_DYNAMIC_NO_PIC = NO;
				GCC_NO_COMMON_BLOCKS = YES;
				GCC_OPTIMIZATION_LEVEL = 0;
				GCC_PREPROCESSOR_DEFINITIONS = (
					"DEBUG=1",
					"$(inherited)",
				);
				GCC_WARN_64_TO_32_BIT_CONVERSION = YES;
				GCC_WARN_ABOUT_RETURN_TYPE = YES_ERROR;
				GCC_WARN_UNDECLARED_SELECTOR = YES;
				GCC_WARN_UNINITIALIZED_AUTOS = YES_AGGRESSIVE;
				GCC_WARN_UNUSED_FUNCTION = YES;
				GCC_WARN_UNUSED_VARIABLE = YES;
				IPHONEOS_DEPLOYMENT_TARGET = 13.2;
				MTL_ENABLE_DEBUG_INFO = INCLUDE_SOURCE;
				MTL_FAST_MATH = YES;
				ONLY_ACTIVE_ARCH = YES;
				SDKROOT = iphoneos;
				SWIFT_ACTIVE_COMPILATION_CONDITIONS = DEBUG;
				SWIFT_OPTIMIZATION_LEVEL = "-Onone";
			};
			name = Debug;
		};
		3AEB5A7B23B91453000A7B76 /* Release */ = {
			isa = XCBuildConfiguration;
			buildSettings = {
				ALWAYS_SEARCH_USER_PATHS = NO;
				CLANG_ANALYZER_NONNULL = YES;
				CLANG_ANALYZER_NUMBER_OBJECT_CONVERSION = YES_AGGRESSIVE;
				CLANG_CXX_LANGUAGE_STANDARD = "gnu++14";
				CLANG_CXX_LIBRARY = "libc++";
				CLANG_ENABLE_MODULES = YES;
				CLANG_ENABLE_OBJC_ARC = YES;
				CLANG_ENABLE_OBJC_WEAK = YES;
				CLANG_WARN_BLOCK_CAPTURE_AUTORELEASING = YES;
				CLANG_WARN_BOOL_CONVERSION = YES;
				CLANG_WARN_COMMA = YES;
				CLANG_WARN_CONSTANT_CONVERSION = YES;
				CLANG_WARN_DEPRECATED_OBJC_IMPLEMENTATIONS = YES;
				CLANG_WARN_DIRECT_OBJC_ISA_USAGE = YES_ERROR;
				CLANG_WARN_DOCUMENTATION_COMMENTS = YES;
				CLANG_WARN_EMPTY_BODY = YES;
				CLANG_WARN_ENUM_CONVERSION = YES;
				CLANG_WARN_INFINITE_RECURSION = YES;
				CLANG_WARN_INT_CONVERSION = YES;
				CLANG_WARN_NON_LITERAL_NULL_CONVERSION = YES;
				CLANG_WARN_OBJC_IMPLICIT_RETAIN_SELF = YES;
				CLANG_WARN_OBJC_LITERAL_CONVERSION = YES;
				CLANG_WARN_OBJC_ROOT_CLASS = YES_ERROR;
				CLANG_WARN_RANGE_LOOP_ANALYSIS = YES;
				CLANG_WARN_STRICT_PROTOTYPES = YES;
				CLANG_WARN_SUSPICIOUS_MOVE = YES;
				CLANG_WARN_UNGUARDED_AVAILABILITY = YES_AGGRESSIVE;
				CLANG_WARN_UNREACHABLE_CODE = YES;
				CLANG_WARN__DUPLICATE_METHOD_MATCH = YES;
				COPY_PHASE_STRIP = NO;
				DEBUG_INFORMATION_FORMAT = "dwarf-with-dsym";
				ENABLE_NS_ASSERTIONS = NO;
				ENABLE_STRICT_OBJC_MSGSEND = YES;
				GCC_C_LANGUAGE_STANDARD = gnu11;
				GCC_NO_COMMON_BLOCKS = YES;
				GCC_WARN_64_TO_32_BIT_CONVERSION = YES;
				GCC_WARN_ABOUT_RETURN_TYPE = YES_ERROR;
				GCC_WARN_UNDECLARED_SELECTOR = YES;
				GCC_WARN_UNINITIALIZED_AUTOS = YES_AGGRESSIVE;
				GCC_WARN_UNUSED_FUNCTION = YES;
				GCC_WARN_UNUSED_VARIABLE = YES;
				IPHONEOS_DEPLOYMENT_TARGET = 13.2;
				MTL_ENABLE_DEBUG_INFO = NO;
				MTL_FAST_MATH = YES;
				SDKROOT = iphoneos;
				SWIFT_COMPILATION_MODE = wholemodule;
				SWIFT_OPTIMIZATION_LEVEL = "-O";
				VALIDATE_PRODUCT = YES;
			};
			name = Release;
		};
		3AEB5A7D23B91453000A7B76 /* Debug */ = {
			isa = XCBuildConfiguration;
			buildSettings = {
				ASSETCATALOG_COMPILER_APPICON_NAME = AppIcon;
				CODE_SIGN_STYLE = Automatic;
				DEVELOPMENT_TEAM = 4BK5XHC9GN;
				INFOPLIST_FILE = MemeMe/Info.plist;
				LD_RUNPATH_SEARCH_PATHS = (
					"$(inherited)",
					"@executable_path/Frameworks",
				);
				PRODUCT_BUNDLE_IDENTIFIER = com.ihadzhi.MemeMe;
				PRODUCT_NAME = "$(TARGET_NAME)";
				SWIFT_VERSION = 5.0;
				TARGETED_DEVICE_FAMILY = "1,2";
			};
			name = Debug;
		};
		3AEB5A7E23B91453000A7B76 /* Release */ = {
			isa = XCBuildConfiguration;
			buildSettings = {
				ASSETCATALOG_COMPILER_APPICON_NAME = AppIcon;
				CODE_SIGN_STYLE = Automatic;
				DEVELOPMENT_TEAM = 4BK5XHC9GN;
				INFOPLIST_FILE = MemeMe/Info.plist;
				LD_RUNPATH_SEARCH_PATHS = (
					"$(inherited)",
					"@executable_path/Frameworks",
				);
				PRODUCT_BUNDLE_IDENTIFIER = com.ihadzhi.MemeMe;
				PRODUCT_NAME = "$(TARGET_NAME)";
				SWIFT_VERSION = 5.0;
				TARGETED_DEVICE_FAMILY = "1,2";
			};
			name = Release;
		};
/* End XCBuildConfiguration section */

/* Begin XCConfigurationList section */
		3AEB5A6323B91451000A7B76 /* Build configuration list for PBXProject "MemeMe" */ = {
			isa = XCConfigurationList;
			buildConfigurations = (
				3AEB5A7A23B91453000A7B76 /* Debug */,
				3AEB5A7B23B91453000A7B76 /* Release */,
			);
			defaultConfigurationIsVisible = 0;
			defaultConfigurationName = Release;
		};
		3AEB5A7C23B91453000A7B76 /* Build configuration list for PBXNativeTarget "MemeMe" */ = {
			isa = XCConfigurationList;
			buildConfigurations = (
				3AEB5A7D23B91453000A7B76 /* Debug */,
				3AEB5A7E23B91453000A7B76 /* Release */,
			);
			defaultConfigurationIsVisible = 0;
			defaultConfigurationName = Release;
		};
/* End XCConfigurationList section */
	};
	rootObject = 3AEB5A6023B91451000A7B76 /* Project object */;
}
